
Microsoft Visual Studio Solution File, Format Version 12.00
# Visual Studio 15
VisualStudioVersion = 15.0.28307.1259
MinimumVisualStudioVersion = 10.0.40219.1
Project("{8BC9CEB8-8B4A-11D0-8D11-00A0C91BC942}") = "AS2_Framework", "AS2_Framework.vcxproj", "{F8376344-4D88-4DBC-832B-7D4BB528FA40}"
EndProject
Global
	GlobalSection(SolutionConfigurationPlatforms) = preSolution
		Debug|Win32 = Debug|Win32
		Release|Win32 = Release|Win32
	EndGlobalSection
	GlobalSection(ProjectConfigurationPlatforms) = postSolution
		{F8376344-4D88-4DBC-832B-7D4BB528FA40}.Debug|Win32.ActiveCfg = Debug|Win32
		{F8376344-4D88-4DBC-832B-7D4BB528FA40}.Debug|Win32.Build.0 = Debug|Win32
		{F8376344-4D88-4DBC-832B-7D4BB528FA40}.Release|Win32.ActiveCfg = Release|Win32
		{F8376344-4D88-4DBC-832B-7D4BB528FA40}.Release|Win32.Build.0 = Release|Win32
	EndGlobalSection
	GlobalSection(SolutionProperties) = preSolution
		HideSolutionNode = FALSE
	EndGlobalSection
	GlobalSection(ExtensibilityGlobals) = postSolution
		SolutionGuid = {0AA57E06-F407-4517-B360-30A93B2A5917}
	EndGlobalSection
EndGlobal
